
Microsoft Visual Studio Solution File, Format Version 12.00
# Visual Studio Version 16
VisualStudioVersion = 16.0.29519.87
MinimumVisualStudioVersion = 10.0.40219.1
Project("{9A19103F-16F7-4668-BE54-9A1E7A4F7556}") = "Fx.Repository.Service", "Fx.Repository.Service\Fx.Repository.Service.csproj", "{6FD77EBA-EE29-4F2F-8CD6-A244D24CC56D}"
EndProject
Project("{9A19103F-16F7-4668-BE54-9A1E7A4F7556}") = "Fx.Repository.Api", "Fx.Repository.WebApi\Fx.Repository.Api.csproj", "{2A5FF105-DAC7-4085-A866-A7FE4E85F217}"
EndProject
Project("{9A19103F-16F7-4668-BE54-9A1E7A4F7556}") = "Fx.Repository", "Fx.Repository\Fx.Repository.csproj", "{9D0A4A81-D632-495C-9FBE-5B16E5F6C3C6}"
EndProject
Project("{9A19103F-16F7-4668-BE54-9A1E7A4F7556}") = "Fx.Domain", "Fx.Domain\Fx.Domain.csproj", "{91B26D27-DCD0-40FE-8740-88C7B5AED367}"
EndProject
Project("{FAE04EC0-301F-11D3-BF4B-00C04F79EFBC}") = "Fx.Broker.Fxcm", "Fx.Broker.Fxcm\Fx.Broker.Fxcm.csproj", "{332B1F27-7F00-40D8-B601-38FD881EFED1}"
EndProject
Project("{FAE04EC0-301F-11D3-BF4B-00C04F79EFBC}") = "Fx.Broker.Fxcm.Runner", "Fx.Broker.Fxcm.Runner\Fx.Broker.Fxcm.Runner.csproj", "{0772C8EC-C151-47CF-B916-47FE298DC5E7}"
EndProject
Project("{9A19103F-16F7-4668-BE54-9A1E7A4F7556}") = "Fx.MessageBus.Wrapper", "Fx.MessageBus\Fx.MessageBus.Wrapper.csproj", "{FB424D2E-5C2E-4573-A073-BD06730E3957}"
EndProject
Project("{2150E333-8FDC-42A3-9474-1A3956D46DE8}") = "Services", "Services", "{86C80D27-3072-4901-84DD-DE2ADF6B54CD}"
EndProject
Project("{2150E333-8FDC-42A3-9474-1A3956D46DE8}") = "Broker", "Broker", "{D2223CB2-6663-4BF1-BD19-6CAC010F547C}"
EndProject
Global
	GlobalSection(SolutionConfigurationPlatforms) = preSolution
		Debug|Any CPU = Debug|Any CPU
		Release|Any CPU = Release|Any CPU
	EndGlobalSection
	GlobalSection(ProjectConfigurationPlatforms) = postSolution
		{6FD77EBA-EE29-4F2F-8CD6-A244D24CC56D}.Debug|Any CPU.ActiveCfg = Debug|Any CPU
		{6FD77EBA-EE29-4F2F-8CD6-A244D24CC56D}.Debug|Any CPU.Build.0 = Debug|Any CPU
		{6FD77EBA-EE29-4F2F-8CD6-A244D24CC56D}.Release|Any CPU.ActiveCfg = Release|Any CPU
		{6FD77EBA-EE29-4F2F-8CD6-A244D24CC56D}.Release|Any CPU.Build.0 = Release|Any CPU
		{2A5FF105-DAC7-4085-A866-A7FE4E85F217}.Debug|Any CPU.ActiveCfg = Debug|Any CPU
		{2A5FF105-DAC7-4085-A866-A7FE4E85F217}.Debug|Any CPU.Build.0 = Debug|Any CPU
		{2A5FF105-DAC7-4085-A866-A7FE4E85F217}.Release|Any CPU.ActiveCfg = Release|Any CPU
		{2A5FF105-DAC7-4085-A866-A7FE4E85F217}.Release|Any CPU.Build.0 = Release|Any CPU
		{9D0A4A81-D632-495C-9FBE-5B16E5F6C3C6}.Debug|Any CPU.ActiveCfg = Debug|Any CPU
		{9D0A4A81-D632-495C-9FBE-5B16E5F6C3C6}.Debug|Any CPU.Build.0 = Debug|Any CPU
		{9D0A4A81-D632-495C-9FBE-5B16E5F6C3C6}.Release|Any CPU.ActiveCfg = Release|Any CPU
		{9D0A4A81-D632-495C-9FBE-5B16E5F6C3C6}.Release|Any CPU.Build.0 = Release|Any CPU
		{91B26D27-DCD0-40FE-8740-88C7B5AED367}.Debug|Any CPU.ActiveCfg = Debug|Any CPU
		{91B26D27-DCD0-40FE-8740-88C7B5AED367}.Debug|Any CPU.Build.0 = Debug|Any CPU
		{91B26D27-DCD0-40FE-8740-88C7B5AED367}.Release|Any CPU.ActiveCfg = Release|Any CPU
		{91B26D27-DCD0-40FE-8740-88C7B5AED367}.Release|Any CPU.Build.0 = Release|Any CPU
		{332B1F27-7F00-40D8-B601-38FD881EFED1}.Debug|Any CPU.ActiveCfg = Debug|Any CPU
		{332B1F27-7F00-40D8-B601-38FD881EFED1}.Debug|Any CPU.Build.0 = Debug|Any CPU
		{332B1F27-7F00-40D8-B601-38FD881EFED1}.Release|Any CPU.ActiveCfg = Release|Any CPU
		{332B1F27-7F00-40D8-B601-38FD881EFED1}.Release|Any CPU.Build.0 = Release|Any CPU
		{0772C8EC-C151-47CF-B916-47FE298DC5E7}.Debug|Any CPU.ActiveCfg = Debug|Any CPU
		{0772C8EC-C151-47CF-B916-47FE298DC5E7}.Debug|Any CPU.Build.0 = Debug|Any CPU
		{0772C8EC-C151-47CF-B916-47FE298DC5E7}.Release|Any CPU.ActiveCfg = Release|Any CPU
		{0772C8EC-C151-47CF-B916-47FE298DC5E7}.Release|Any CPU.Build.0 = Release|Any CPU
		{FB424D2E-5C2E-4573-A073-BD06730E3957}.Debug|Any CPU.ActiveCfg = Debug|Any CPU
		{FB424D2E-5C2E-4573-A073-BD06730E3957}.Debug|Any CPU.Build.0 = Debug|Any CPU
		{FB424D2E-5C2E-4573-A073-BD06730E3957}.Release|Any CPU.ActiveCfg = Release|Any CPU
		{FB424D2E-5C2E-4573-A073-BD06730E3957}.Release|Any CPU.Build.0 = Release|Any CPU
	EndGlobalSection
	GlobalSection(SolutionProperties) = preSolution
		HideSolutionNode = FALSE
	EndGlobalSection
	GlobalSection(NestedProjects) = preSolution
		{6FD77EBA-EE29-4F2F-8CD6-A244D24CC56D} = {86C80D27-3072-4901-84DD-DE2ADF6B54CD}
		{332B1F27-7F00-40D8-B601-38FD881EFED1} = {D2223CB2-6663-4BF1-BD19-6CAC010F547C}
		{0772C8EC-C151-47CF-B916-47FE298DC5E7} = {D2223CB2-6663-4BF1-BD19-6CAC010F547C}
	EndGlobalSection
	GlobalSection(ExtensibilityGlobals) = postSolution
		SolutionGuid = {853DBA9D-0278-4A34-B474-C515E7E32251}
	EndGlobalSection
EndGlobal
